
Microsoft Visual Studio Solution File, Format Version 10.00
# Visual Studio 2008
Project("{8BC9CEB8-8B4A-11D0-8D11-00A0C91BC942}") = "GScroll", "GScroll\GScroll.vcproj", "{C687CA3E-6FC1-40E6-A07D-1BBE9BE1E948}"
EndProject
Project("{8BC9CEB8-8B4A-11D0-8D11-00A0C91BC942}") = "GScrollConfig", "GScrollConfig\GScrollConfig.vcproj", "{C3288F93-9138-44B1-BB6A-5202B3BE575F}"
EndProject
Project("{B900F1C2-3D47-4FEC-85B3-04AAF18C3634}") = "GScrollCab", "GScrollCab\GScrollCab.vddproj", "{CFB7A4DD-1E17-44FB-AE1F-262E089F7D11}"
EndProject
Project("{54435603-DBB4-11D2-8724-00A0C9A8B90C}") = "GScrollInstall", "GScrollInstall\GScrollInstall.vdproj", "{F7EAF77C-F386-4C5D-9594-F36C16D6C7E8}"
EndProject
Project("{FAE04EC0-301F-11D3-BF4B-00C04F79EFBC}") = "CABInstaller", "CABInstaller\CABInstaller.csproj", "{BED2ACDF-295E-4B3C-A510-55D68F28BC60}"
EndProject
Project("{8BC9CEB8-8B4A-11D0-8D11-00A0C91BC942}") = "GScrollSetup", "GScrollSetup\GScrollSetup.vcproj", "{9BA97A80-5BFE-429D-B519-A1C4755B7161}"
EndProject
Project("{FAE04EC0-301F-11D3-BF4B-00C04F79EFBC}") = "GScrollSettings", "GScrollSettings\GScrollSettings.csproj", "{AC890E59-DB3B-4D5C-A7FA-79DF536EADDC}"
EndProject
Global
	GlobalSection(SolutionConfigurationPlatforms) = preSolution
		Debug|Any CPU = Debug|Any CPU
		Debug|Mixed Platforms = Debug|Mixed Platforms
		Debug|Pocket PC 2003 (ARMV4) = Debug|Pocket PC 2003 (ARMV4)
		Debug|Windows Mobile 6 Professional SDK (ARMV4I) = Debug|Windows Mobile 6 Professional SDK (ARMV4I)
		Debug|Windows Mobile 6 Standard SDK (ARMV4I) = Debug|Windows Mobile 6 Standard SDK (ARMV4I)
		Demo|Any CPU = Demo|Any CPU
		Demo|Mixed Platforms = Demo|Mixed Platforms
		Demo|Pocket PC 2003 (ARMV4) = Demo|Pocket PC 2003 (ARMV4)
		Demo|Windows Mobile 6 Professional SDK (ARMV4I) = Demo|Windows Mobile 6 Professional SDK (ARMV4I)
		Demo|Windows Mobile 6 Standard SDK (ARMV4I) = Demo|Windows Mobile 6 Standard SDK (ARMV4I)
		Marketplace|Any CPU = Marketplace|Any CPU
		Marketplace|Mixed Platforms = Marketplace|Mixed Platforms
		Marketplace|Pocket PC 2003 (ARMV4) = Marketplace|Pocket PC 2003 (ARMV4)
		Marketplace|Windows Mobile 6 Professional SDK (ARMV4I) = Marketplace|Windows Mobile 6 Professional SDK (ARMV4I)
		Marketplace|Windows Mobile 6 Standard SDK (ARMV4I) = Marketplace|Windows Mobile 6 Standard SDK (ARMV4I)
		Release|Any CPU = Release|Any CPU
		Release|Mixed Platforms = Release|Mixed Platforms
		Release|Pocket PC 2003 (ARMV4) = Release|Pocket PC 2003 (ARMV4)
		Release|Windows Mobile 6 Professional SDK (ARMV4I) = Release|Windows Mobile 6 Professional SDK (ARMV4I)
		Release|Windows Mobile 6 Standard SDK (ARMV4I) = Release|Windows Mobile 6 Standard SDK (ARMV4I)
	EndGlobalSection
	GlobalSection(ProjectConfigurationPlatforms) = postSolution
		{C687CA3E-6FC1-40E6-A07D-1BBE9BE1E948}.Debug|Any CPU.ActiveCfg = Debug|Windows Mobile 6 Professional SDK (ARMV4I)
		{C687CA3E-6FC1-40E6-A07D-1BBE9BE1E948}.Debug|Mixed Platforms.ActiveCfg = Debug|Windows Mobile 6 Professional SDK (ARMV4I)
		{C687CA3E-6FC1-40E6-A07D-1BBE9BE1E948}.Debug|Mixed Platforms.Build.0 = Debug|Windows Mobile 6 Professional SDK (ARMV4I)
		{C687CA3E-6FC1-40E6-A07D-1BBE9BE1E948}.Debug|Mixed Platforms.Deploy.0 = Debug|Windows Mobile 6 Professional SDK (ARMV4I)
		{C687CA3E-6FC1-40E6-A07D-1BBE9BE1E948}.Debug|Pocket PC 2003 (ARMV4).ActiveCfg = Debug|Windows Mobile 6 Professional SDK (ARMV4I)
		{C687CA3E-6FC1-40E6-A07D-1BBE9BE1E948}.Debug|Windows Mobile 6 Professional SDK (ARMV4I).ActiveCfg = Debug|Windows Mobile 6 Professional SDK (ARMV4I)
		{C687CA3E-6FC1-40E6-A07D-1BBE9BE1E948}.Debug|Windows Mobile 6 Professional SDK (ARMV4I).Build.0 = Debug|Windows Mobile 6 Professional SDK (ARMV4I)
		{C687CA3E-6FC1-40E6-A07D-1BBE9BE1E948}.Debug|Windows Mobile 6 Professional SDK (ARMV4I).Deploy.0 = Debug|Windows Mobile 6 Professional SDK (ARMV4I)
		{C687CA3E-6FC1-40E6-A07D-1BBE9BE1E948}.Debug|Windows Mobile 6 Standard SDK (ARMV4I).ActiveCfg = Debug|Windows Mobile 6 Professional SDK (ARMV4I)
		{C687CA3E-6FC1-40E6-A07D-1BBE9BE1E948}.Demo|Any CPU.ActiveCfg = Demo|Windows Mobile 6 Professional SDK (ARMV4I)
		{C687CA3E-6FC1-40E6-A07D-1BBE9BE1E948}.Demo|Mixed Platforms.ActiveCfg = Demo|Windows Mobile 6 Professional SDK (ARMV4I)
		{C687CA3E-6FC1-40E6-A07D-1BBE9BE1E948}.Demo|Mixed Platforms.Build.0 = Demo|Windows Mobile 6 Professional SDK (ARMV4I)
		{C687CA3E-6FC1-40E6-A07D-1BBE9BE1E948}.Demo|Mixed Platforms.Deploy.0 = Demo|Windows Mobile 6 Professional SDK (ARMV4I)
		{C687CA3E-6FC1-40E6-A07D-1BBE9BE1E948}.Demo|Pocket PC 2003 (ARMV4).ActiveCfg = Demo|Windows Mobile 6 Professional SDK (ARMV4I)
		{C687CA3E-6FC1-40E6-A07D-1BBE9BE1E948}.Demo|Windows Mobile 6 Professional SDK (ARMV4I).ActiveCfg = Demo|Windows Mobile 6 Professional SDK (ARMV4I)
		{C687CA3E-6FC1-40E6-A07D-1BBE9BE1E948}.Demo|Windows Mobile 6 Professional SDK (ARMV4I).Build.0 = Demo|Windows Mobile 6 Professional SDK (ARMV4I)
		{C687CA3E-6FC1-40E6-A07D-1BBE9BE1E948}.Demo|Windows Mobile 6 Professional SDK (ARMV4I).Deploy.0 = Demo|Windows Mobile 6 Professional SDK (ARMV4I)
		{C687CA3E-6FC1-40E6-A07D-1BBE9BE1E948}.Demo|Windows Mobile 6 Standard SDK (ARMV4I).ActiveCfg = Demo|Windows Mobile 6 Professional SDK (ARMV4I)
		{C687CA3E-6FC1-40E6-A07D-1BBE9BE1E948}.Marketplace|Any CPU.ActiveCfg = Marketplace|Windows Mobile 6 Standard SDK (ARMV4I)
		{C687CA3E-6FC1-40E6-A07D-1BBE9BE1E948}.Marketplace|Mixed Platforms.ActiveCfg = Marketplace|Windows Mobile 6 Standard SDK (ARMV4I)
		{C687CA3E-6FC1-40E6-A07D-1BBE9BE1E948}.Marketplace|Mixed Platforms.Build.0 = Marketplace|Windows Mobile 6 Standard SDK (ARMV4I)
		{C687CA3E-6FC1-40E6-A07D-1BBE9BE1E948}.Marketplace|Mixed Platforms.Deploy.0 = Marketplace|Windows Mobile 6 Standard SDK (ARMV4I)
		{C687CA3E-6FC1-40E6-A07D-1BBE9BE1E948}.Marketplace|Pocket PC 2003 (ARMV4).ActiveCfg = Marketplace|Windows Mobile 6 Standard SDK (ARMV4I)
		{C687CA3E-6FC1-40E6-A07D-1BBE9BE1E948}.Marketplace|Windows Mobile 6 Professional SDK (ARMV4I).ActiveCfg = Marketplace|Windows Mobile 6 Professional SDK (ARMV4I)
		{C687CA3E-6FC1-40E6-A07D-1BBE9BE1E948}.Marketplace|Windows Mobile 6 Professional SDK (ARMV4I).Build.0 = Marketplace|Windows Mobile 6 Professional SDK (ARMV4I)
		{C687CA3E-6FC1-40E6-A07D-1BBE9BE1E948}.Marketplace|Windows Mobile 6 Professional SDK (ARMV4I).Deploy.0 = Marketplace|Windows Mobile 6 Professional SDK (ARMV4I)
		{C687CA3E-6FC1-40E6-A07D-1BBE9BE1E948}.Marketplace|Windows Mobile 6 Standard SDK (ARMV4I).ActiveCfg = Marketplace|Windows Mobile 6 Standard SDK (ARMV4I)
		{C687CA3E-6FC1-40E6-A07D-1BBE9BE1E948}.Marketplace|Windows Mobile 6 Standard SDK (ARMV4I).Build.0 = Marketplace|Windows Mobile 6 Standard SDK (ARMV4I)
		{C687CA3E-6FC1-40E6-A07D-1BBE9BE1E948}.Marketplace|Windows Mobile 6 Standard SDK (ARMV4I).Deploy.0 = Marketplace|Windows Mobile 6 Standard SDK (ARMV4I)
		{C687CA3E-6FC1-40E6-A07D-1BBE9BE1E948}.Release|Any CPU.ActiveCfg = Release|Windows Mobile 6 Professional SDK (ARMV4I)
		{C687CA3E-6FC1-40E6-A07D-1BBE9BE1E948}.Release|Mixed Platforms.ActiveCfg = Release|Windows Mobile 6 Professional SDK (ARMV4I)
		{C687CA3E-6FC1-40E6-A07D-1BBE9BE1E948}.Release|Mixed Platforms.Build.0 = Release|Windows Mobile 6 Professional SDK (ARMV4I)
		{C687CA3E-6FC1-40E6-A07D-1BBE9BE1E948}.Release|Mixed Platforms.Deploy.0 = Release|Windows Mobile 6 Professional SDK (ARMV4I)
		{C687CA3E-6FC1-40E6-A07D-1BBE9BE1E948}.Release|Pocket PC 2003 (ARMV4).ActiveCfg = Release|Windows Mobile 6 Professional SDK (ARMV4I)
		{C687CA3E-6FC1-40E6-A07D-1BBE9BE1E948}.Release|Windows Mobile 6 Professional SDK (ARMV4I).ActiveCfg = Release|Windows Mobile 6 Professional SDK (ARMV4I)
		{C687CA3E-6FC1-40E6-A07D-1BBE9BE1E948}.Release|Windows Mobile 6 Professional SDK (ARMV4I).Build.0 = Release|Windows Mobile 6 Professional SDK (ARMV4I)
		{C687CA3E-6FC1-40E6-A07D-1BBE9BE1E948}.Release|Windows Mobile 6 Professional SDK (ARMV4I).Deploy.0 = Release|Windows Mobile 6 Professional SDK (ARMV4I)
		{C687CA3E-6FC1-40E6-A07D-1BBE9BE1E948}.Release|Windows Mobile 6 Standard SDK (ARMV4I).ActiveCfg = Release|Windows Mobile 6 Professional SDK (ARMV4I)
		{C3288F93-9138-44B1-BB6A-5202B3BE575F}.Debug|Any CPU.ActiveCfg = Debug|Windows Mobile 6 Professional SDK (ARMV4I)
		{C3288F93-9138-44B1-BB6A-5202B3BE575F}.Debug|Mixed Platforms.ActiveCfg = Debug|Windows Mobile 6 Professional SDK (ARMV4I)
		{C3288F93-9138-44B1-BB6A-5202B3BE575F}.Debug|Mixed Platforms.Build.0 = Debug|Windows Mobile 6 Professional SDK (ARMV4I)
		{C3288F93-9138-44B1-BB6A-5202B3BE575F}.Debug|Mixed Platforms.Deploy.0 = Debug|Windows Mobile 6 Professional SDK (ARMV4I)
		{C3288F93-9138-44B1-BB6A-5202B3BE575F}.Debug|Pocket PC 2003 (ARMV4).ActiveCfg = Debug|Windows Mobile 6 Professional SDK (ARMV4I)
		{C3288F93-9138-44B1-BB6A-5202B3BE575F}.Debug|Windows Mobile 6 Professional SDK (ARMV4I).ActiveCfg = Debug|Windows Mobile 6 Professional SDK (ARMV4I)
		{C3288F93-9138-44B1-BB6A-5202B3BE575F}.Debug|Windows Mobile 6 Professional SDK (ARMV4I).Build.0 = Debug|Windows Mobile 6 Professional SDK (ARMV4I)
		{C3288F93-9138-44B1-BB6A-5202B3BE575F}.Debug|Windows Mobile 6 Professional SDK (ARMV4I).Deploy.0 = Debug|Windows Mobile 6 Professional SDK (ARMV4I)
		{C3288F93-9138-44B1-BB6A-5202B3BE575F}.Debug|Windows Mobile 6 Standard SDK (ARMV4I).ActiveCfg = Debug|Windows Mobile 6 Professional SDK (ARMV4I)
		{C3288F93-9138-44B1-BB6A-5202B3BE575F}.Demo|Any CPU.ActiveCfg = Demo|Windows Mobile 6 Professional SDK (ARMV4I)
		{C3288F93-9138-44B1-BB6A-5202B3BE575F}.Demo|Mixed Platforms.ActiveCfg = Demo|Windows Mobile 6 Professional SDK (ARMV4I)
		{C3288F93-9138-44B1-BB6A-5202B3BE575F}.Demo|Mixed Platforms.Build.0 = Demo|Windows Mobile 6 Professional SDK (ARMV4I)
		{C3288F93-9138-44B1-BB6A-5202B3BE575F}.Demo|Mixed Platforms.Deploy.0 = Demo|Windows Mobile 6 Professional SDK (ARMV4I)
		{C3288F93-9138-44B1-BB6A-5202B3BE575F}.Demo|Pocket PC 2003 (ARMV4).ActiveCfg = Demo|Windows Mobile 6 Professional SDK (ARMV4I)
		{C3288F93-9138-44B1-BB6A-5202B3BE575F}.Demo|Windows Mobile 6 Professional SDK (ARMV4I).ActiveCfg = Demo|Windows Mobile 6 Professional SDK (ARMV4I)
		{C3288F93-9138-44B1-BB6A-5202B3BE575F}.Demo|Windows Mobile 6 Professional SDK (ARMV4I).Build.0 = Demo|Windows Mobile 6 Professional SDK (ARMV4I)
		{C3288F93-9138-44B1-BB6A-5202B3BE575F}.Demo|Windows Mobile 6 Professional SDK (ARMV4I).Deploy.0 = Demo|Windows Mobile 6 Professional SDK (ARMV4I)
		{C3288F93-9138-44B1-BB6A-5202B3BE575F}.Demo|Windows Mobile 6 Standard SDK (ARMV4I).ActiveCfg = Demo|Windows Mobile 6 Professional SDK (ARMV4I)
		{C3288F93-9138-44B1-BB6A-5202B3BE575F}.Marketplace|Any CPU.ActiveCfg = Marketplace|Windows Mobile 6 Professional SDK (ARMV4I)
		{C3288F93-9138-44B1-BB6A-5202B3BE575F}.Marketplace|Mixed Platforms.ActiveCfg = Marketplace|Windows Mobile 6 Professional SDK (ARMV4I)
		{C3288F93-9138-44B1-BB6A-5202B3BE575F}.Marketplace|Mixed Platforms.Build.0 = Marketplace|Windows Mobile 6 Professional SDK (ARMV4I)
		{C3288F93-9138-44B1-BB6A-5202B3BE575F}.Marketplace|Mixed Platforms.Deploy.0 = Marketplace|Windows Mobile 6 Professional SDK (ARMV4I)
		{C3288F93-9138-44B1-BB6A-5202B3BE575F}.Marketplace|Pocket PC 2003 (ARMV4).ActiveCfg = Marketplace|Windows Mobile 6 Professional SDK (ARMV4I)
		{C3288F93-9138-44B1-BB6A-5202B3BE575F}.Marketplace|Windows Mobile 6 Professional SDK (ARMV4I).ActiveCfg = Marketplace|Windows Mobile 6 Professional SDK (ARMV4I)
		{C3288F93-9138-44B1-BB6A-5202B3BE575F}.Marketplace|Windows Mobile 6 Professional SDK (ARMV4I).Build.0 = Marketplace|Windows Mobile 6 Professional SDK (ARMV4I)
		{C3288F93-9138-44B1-BB6A-5202B3BE575F}.Marketplace|Windows Mobile 6 Professional SDK (ARMV4I).Deploy.0 = Marketplace|Windows Mobile 6 Professional SDK (ARMV4I)
		{C3288F93-9138-44B1-BB6A-5202B3BE575F}.Marketplace|Windows Mobile 6 Standard SDK (ARMV4I).ActiveCfg = Marketplace|Windows Mobile 6 Professional SDK (ARMV4I)
		{C3288F93-9138-44B1-BB6A-5202B3BE575F}.Release|Any CPU.ActiveCfg = Release|Windows Mobile 6 Professional SDK (ARMV4I)
		{C3288F93-9138-44B1-BB6A-5202B3BE575F}.Release|Mixed Platforms.ActiveCfg = Release|Windows Mobile 6 Professional SDK (ARMV4I)
		{C3288F93-9138-44B1-BB6A-5202B3BE575F}.Release|Mixed Platforms.Build.0 = Release|Windows Mobile 6 Professional SDK (ARMV4I)
		{C3288F93-9138-44B1-BB6A-5202B3BE575F}.Release|Mixed Platforms.Deploy.0 = Release|Windows Mobile 6 Professional SDK (ARMV4I)
		{C3288F93-9138-44B1-BB6A-5202B3BE575F}.Release|Pocket PC 2003 (ARMV4).ActiveCfg = Release|Windows Mobile 6 Professional SDK (ARMV4I)
		{C3288F93-9138-44B1-BB6A-5202B3BE575F}.Release|Windows Mobile 6 Professional SDK (ARMV4I).ActiveCfg = Release|Windows Mobile 6 Professional SDK (ARMV4I)
		{C3288F93-9138-44B1-BB6A-5202B3BE575F}.Release|Windows Mobile 6 Professional SDK (ARMV4I).Build.0 = Release|Windows Mobile 6 Professional SDK (ARMV4I)
		{C3288F93-9138-44B1-BB6A-5202B3BE575F}.Release|Windows Mobile 6 Professional SDK (ARMV4I).Deploy.0 = Release|Windows Mobile 6 Professional SDK (ARMV4I)
		{C3288F93-9138-44B1-BB6A-5202B3BE575F}.Release|Windows Mobile 6 Standard SDK (ARMV4I).ActiveCfg = Release|Windows Mobile 6 Professional SDK (ARMV4I)
		{CFB7A4DD-1E17-44FB-AE1F-262E089F7D11}.Debug|Any CPU.ActiveCfg = Debug
		{CFB7A4DD-1E17-44FB-AE1F-262E089F7D11}.Debug|Any CPU.Build.0 = Debug
		{CFB7A4DD-1E17-44FB-AE1F-262E089F7D11}.Debug|Mixed Platforms.ActiveCfg = Debug
		{CFB7A4DD-1E17-44FB-AE1F-262E089F7D11}.Debug|Mixed Platforms.Build.0 = Debug
		{CFB7A4DD-1E17-44FB-AE1F-262E089F7D11}.Debug|Pocket PC 2003 (ARMV4).ActiveCfg = Debug
		{CFB7A4DD-1E17-44FB-AE1F-262E089F7D11}.Debug|Pocket PC 2003 (ARMV4).Build.0 = Debug
		{CFB7A4DD-1E17-44FB-AE1F-262E089F7D11}.Debug|Windows Mobile 6 Professional SDK (ARMV4I).ActiveCfg = Debug
		{CFB7A4DD-1E17-44FB-AE1F-262E089F7D11}.Debug|Windows Mobile 6 Professional SDK (ARMV4I).Build.0 = Debug
		{CFB7A4DD-1E17-44FB-AE1F-262E089F7D11}.Debug|Windows Mobile 6 Standard SDK (ARMV4I).ActiveCfg = Debug
		{CFB7A4DD-1E17-44FB-AE1F-262E089F7D11}.Debug|Windows Mobile 6 Standard SDK (ARMV4I).Build.0 = Debug
		{CFB7A4DD-1E17-44FB-AE1F-262E089F7D11}.Demo|Any CPU.ActiveCfg = Demo
		{CFB7A4DD-1E17-44FB-AE1F-262E089F7D11}.Demo|Any CPU.Build.0 = Demo
		{CFB7A4DD-1E17-44FB-AE1F-262E089F7D11}.Demo|Mixed Platforms.ActiveCfg = Demo
		{CFB7A4DD-1E17-44FB-AE1F-262E089F7D11}.Demo|Mixed Platforms.Build.0 = Demo
		{CFB7A4DD-1E17-44FB-AE1F-262E089F7D11}.Demo|Pocket PC 2003 (ARMV4).ActiveCfg = Demo
		{CFB7A4DD-1E17-44FB-AE1F-262E089F7D11}.Demo|Pocket PC 2003 (ARMV4).Build.0 = Demo
		{CFB7A4DD-1E17-44FB-AE1F-262E089F7D11}.Demo|Windows Mobile 6 Professional SDK (ARMV4I).ActiveCfg = Demo
		{CFB7A4DD-1E17-44FB-AE1F-262E089F7D11}.Demo|Windows Mobile 6 Professional SDK (ARMV4I).Build.0 = Demo
		{CFB7A4DD-1E17-44FB-AE1F-262E089F7D11}.Demo|Windows Mobile 6 Standard SDK (ARMV4I).ActiveCfg = Demo
		{CFB7A4DD-1E17-44FB-AE1F-262E089F7D11}.Demo|Windows Mobile 6 Standard SDK (ARMV4I).Build.0 = Demo
		{CFB7A4DD-1E17-44FB-AE1F-262E089F7D11}.Marketplace|Any CPU.ActiveCfg = Marketplace
		{CFB7A4DD-1E17-44FB-AE1F-262E089F7D11}.Marketplace|Any CPU.Build.0 = Marketplace
		{CFB7A4DD-1E17-44FB-AE1F-262E089F7D11}.Marketplace|Mixed Platforms.ActiveCfg = Marketplace
		{CFB7A4DD-1E17-44FB-AE1F-262E089F7D11}.Marketplace|Mixed Platforms.Build.0 = Marketplace
		{CFB7A4DD-1E17-44FB-AE1F-262E089F7D11}.Marketplace|Pocket PC 2003 (ARMV4).ActiveCfg = Marketplace
		{CFB7A4DD-1E17-44FB-AE1F-262E089F7D11}.Marketplace|Pocket PC 2003 (ARMV4).Build.0 = Marketplace
		{CFB7A4DD-1E17-44FB-AE1F-262E089F7D11}.Marketplace|Windows Mobile 6 Professional SDK (ARMV4I).ActiveCfg = Marketplace
		{CFB7A4DD-1E17-44FB-AE1F-262E089F7D11}.Marketplace|Windows Mobile 6 Professional SDK (ARMV4I).Build.0 = Marketplace
		{CFB7A4DD-1E17-44FB-AE1F-262E089F7D11}.Marketplace|Windows Mobile 6 Standard SDK (ARMV4I).ActiveCfg = Marketplace
		{CFB7A4DD-1E17-44FB-AE1F-262E089F7D11}.Marketplace|Windows Mobile 6 Standard SDK (ARMV4I).Build.0 = Marketplace
		{CFB7A4DD-1E17-44FB-AE1F-262E089F7D11}.Release|Any CPU.ActiveCfg = Release
		{CFB7A4DD-1E17-44FB-AE1F-262E089F7D11}.Release|Any CPU.Build.0 = Release
		{CFB7A4DD-1E17-44FB-AE1F-262E089F7D11}.Release|Mixed Platforms.ActiveCfg = Release
		{CFB7A4DD-1E17-44FB-AE1F-262E089F7D11}.Release|Mixed Platforms.Build.0 = Release
		{CFB7A4DD-1E17-44FB-AE1F-262E089F7D11}.Release|Pocket PC 2003 (ARMV4).ActiveCfg = Release
		{CFB7A4DD-1E17-44FB-AE1F-262E089F7D11}.Release|Pocket PC 2003 (ARMV4).Build.0 = Release
		{CFB7A4DD-1E17-44FB-AE1F-262E089F7D11}.Release|Windows Mobile 6 Professional SDK (ARMV4I).ActiveCfg = Release
		{CFB7A4DD-1E17-44FB-AE1F-262E089F7D11}.Release|Windows Mobile 6 Professional SDK (ARMV4I).Build.0 = Release
		{CFB7A4DD-1E17-44FB-AE1F-262E089F7D11}.Release|Windows Mobile 6 Standard SDK (ARMV4I).ActiveCfg = Release
		{CFB7A4DD-1E17-44FB-AE1F-262E089F7D11}.Release|Windows Mobile 6 Standard SDK (ARMV4I).Build.0 = Release
		{F7EAF77C-F386-4C5D-9594-F36C16D6C7E8}.Debug|Any CPU.ActiveCfg = Debug
		{F7EAF77C-F386-4C5D-9594-F36C16D6C7E8}.Debug|Any CPU.Build.0 = Debug
		{F7EAF77C-F386-4C5D-9594-F36C16D6C7E8}.Debug|Mixed Platforms.ActiveCfg = Debug
		{F7EAF77C-F386-4C5D-9594-F36C16D6C7E8}.Debug|Pocket PC 2003 (ARMV4).ActiveCfg = Debug
		{F7EAF77C-F386-4C5D-9594-F36C16D6C7E8}.Debug|Windows Mobile 6 Professional SDK (ARMV4I).ActiveCfg = Debug
		{F7EAF77C-F386-4C5D-9594-F36C16D6C7E8}.Debug|Windows Mobile 6 Standard SDK (ARMV4I).ActiveCfg = Debug
		{F7EAF77C-F386-4C5D-9594-F36C16D6C7E8}.Demo|Any CPU.ActiveCfg = Demo
		{F7EAF77C-F386-4C5D-9594-F36C16D6C7E8}.Demo|Mixed Platforms.ActiveCfg = Demo
		{F7EAF77C-F386-4C5D-9594-F36C16D6C7E8}.Demo|Mixed Platforms.Build.0 = Demo
		{F7EAF77C-F386-4C5D-9594-F36C16D6C7E8}.Demo|Pocket PC 2003 (ARMV4).ActiveCfg = Demo
		{F7EAF77C-F386-4C5D-9594-F36C16D6C7E8}.Demo|Pocket PC 2003 (ARMV4).Build.0 = Demo
		{F7EAF77C-F386-4C5D-9594-F36C16D6C7E8}.Demo|Windows Mobile 6 Professional SDK (ARMV4I).ActiveCfg = Demo
		{F7EAF77C-F386-4C5D-9594-F36C16D6C7E8}.Demo|Windows Mobile 6 Professional SDK (ARMV4I).Build.0 = Demo
		{F7EAF77C-F386-4C5D-9594-F36C16D6C7E8}.Demo|Windows Mobile 6 Standard SDK (ARMV4I).ActiveCfg = Demo
		{F7EAF77C-F386-4C5D-9594-F36C16D6C7E8}.Demo|Windows Mobile 6 Standard SDK (ARMV4I).Build.0 = Demo
		{F7EAF77C-F386-4C5D-9594-F36C16D6C7E8}.Marketplace|Any CPU.ActiveCfg = Marketplace
		{F7EAF77C-F386-4C5D-9594-F36C16D6C7E8}.Marketplace|Mixed Platforms.ActiveCfg = Marketplace
		{F7EAF77C-F386-4C5D-9594-F36C16D6C7E8}.Marketplace|Mixed Platforms.Build.0 = Marketplace
		{F7EAF77C-F386-4C5D-9594-F36C16D6C7E8}.Marketplace|Pocket PC 2003 (ARMV4).ActiveCfg = Marketplace
		{F7EAF77C-F386-4C5D-9594-F36C16D6C7E8}.Marketplace|Pocket PC 2003 (ARMV4).Build.0 = Marketplace
		{F7EAF77C-F386-4C5D-9594-F36C16D6C7E8}.Marketplace|Windows Mobile 6 Professional SDK (ARMV4I).ActiveCfg = Marketplace
		{F7EAF77C-F386-4C5D-9594-F36C16D6C7E8}.Marketplace|Windows Mobile 6 Professional SDK (ARMV4I).Build.0 = Marketplace
		{F7EAF77C-F386-4C5D-9594-F36C16D6C7E8}.Marketplace|Windows Mobile 6 Standard SDK (ARMV4I).ActiveCfg = Marketplace
		{F7EAF77C-F386-4C5D-9594-F36C16D6C7E8}.Marketplace|Windows Mobile 6 Standard SDK (ARMV4I).Build.0 = Marketplace
		{F7EAF77C-F386-4C5D-9594-F36C16D6C7E8}.Release|Any CPU.ActiveCfg = Release
		{F7EAF77C-F386-4C5D-9594-F36C16D6C7E8}.Release|Any CPU.Build.0 = Release
		{F7EAF77C-F386-4C5D-9594-F36C16D6C7E8}.Release|Mixed Platforms.ActiveCfg = Release
		{F7EAF77C-F386-4C5D-9594-F36C16D6C7E8}.Release|Pocket PC 2003 (ARMV4).ActiveCfg = Release
		{F7EAF77C-F386-4C5D-9594-F36C16D6C7E8}.Release|Windows Mobile 6 Professional SDK (ARMV4I).ActiveCfg = Release
		{F7EAF77C-F386-4C5D-9594-F36C16D6C7E8}.Release|Windows Mobile 6 Standard SDK (ARMV4I).ActiveCfg = Release
		{BED2ACDF-295E-4B3C-A510-55D68F28BC60}.Debug|Any CPU.ActiveCfg = Debug|Any CPU
		{BED2ACDF-295E-4B3C-A510-55D68F28BC60}.Debug|Any CPU.Build.0 = Debug|Any CPU
		{BED2ACDF-295E-4B3C-A510-55D68F28BC60}.Debug|Mixed Platforms.ActiveCfg = Debug|Any CPU
		{BED2ACDF-295E-4B3C-A510-55D68F28BC60}.Debug|Mixed Platforms.Build.0 = Debug|Any CPU
		{BED2ACDF-295E-4B3C-A510-55D68F28BC60}.Debug|Pocket PC 2003 (ARMV4).ActiveCfg = Debug|Any CPU
		{BED2ACDF-295E-4B3C-A510-55D68F28BC60}.Debug|Windows Mobile 6 Professional SDK (ARMV4I).ActiveCfg = Debug|Any CPU
		{BED2ACDF-295E-4B3C-A510-55D68F28BC60}.Debug|Windows Mobile 6 Standard SDK (ARMV4I).ActiveCfg = Debug|Any CPU
		{BED2ACDF-295E-4B3C-A510-55D68F28BC60}.Demo|Any CPU.ActiveCfg = Demo|Any CPU
		{BED2ACDF-295E-4B3C-A510-55D68F28BC60}.Demo|Any CPU.Build.0 = Demo|Any CPU
		{BED2ACDF-295E-4B3C-A510-55D68F28BC60}.Demo|Mixed Platforms.ActiveCfg = Demo|Any CPU
		{BED2ACDF-295E-4B3C-A510-55D68F28BC60}.Demo|Mixed Platforms.Build.0 = Demo|Any CPU
		{BED2ACDF-295E-4B3C-A510-55D68F28BC60}.Demo|Pocket PC 2003 (ARMV4).ActiveCfg = Demo|Any CPU
		{BED2ACDF-295E-4B3C-A510-55D68F28BC60}.Demo|Windows Mobile 6 Professional SDK (ARMV4I).ActiveCfg = Demo|Any CPU
		{BED2ACDF-295E-4B3C-A510-55D68F28BC60}.Demo|Windows Mobile 6 Standard SDK (ARMV4I).ActiveCfg = Demo|Any CPU
		{BED2ACDF-295E-4B3C-A510-55D68F28BC60}.Marketplace|Any CPU.ActiveCfg = Marketplace|Any CPU
		{BED2ACDF-295E-4B3C-A510-55D68F28BC60}.Marketplace|Any CPU.Build.0 = Marketplace|Any CPU
		{BED2ACDF-295E-4B3C-A510-55D68F28BC60}.Marketplace|Mixed Platforms.ActiveCfg = Marketplace|Any CPU
		{BED2ACDF-295E-4B3C-A510-55D68F28BC60}.Marketplace|Mixed Platforms.Build.0 = Marketplace|Any CPU
		{BED2ACDF-295E-4B3C-A510-55D68F28BC60}.Marketplace|Pocket PC 2003 (ARMV4).ActiveCfg = Marketplace|Any CPU
		{BED2ACDF-295E-4B3C-A510-55D68F28BC60}.Marketplace|Windows Mobile 6 Professional SDK (ARMV4I).ActiveCfg = Marketplace|Any CPU
		{BED2ACDF-295E-4B3C-A510-55D68F28BC60}.Marketplace|Windows Mobile 6 Standard SDK (ARMV4I).ActiveCfg = Marketplace|Any CPU
		{BED2ACDF-295E-4B3C-A510-55D68F28BC60}.Release|Any CPU.ActiveCfg = Release|Any CPU
		{BED2ACDF-295E-4B3C-A510-55D68F28BC60}.Release|Any CPU.Build.0 = Release|Any CPU
		{BED2ACDF-295E-4B3C-A510-55D68F28BC60}.Release|Mixed Platforms.ActiveCfg = Release|Any CPU
		{BED2ACDF-295E-4B3C-A510-55D68F28BC60}.Release|Mixed Platforms.Build.0 = Release|Any CPU
		{BED2ACDF-295E-4B3C-A510-55D68F28BC60}.Release|Pocket PC 2003 (ARMV4).ActiveCfg = Release|Any CPU
		{BED2ACDF-295E-4B3C-A510-55D68F28BC60}.Release|Windows Mobile 6 Professional SDK (ARMV4I).ActiveCfg = Release|Any CPU
		{BED2ACDF-295E-4B3C-A510-55D68F28BC60}.Release|Windows Mobile 6 Standard SDK (ARMV4I).ActiveCfg = Release|Any CPU
		{9BA97A80-5BFE-429D-B519-A1C4755B7161}.Debug|Any CPU.ActiveCfg = Debug|Windows Mobile 6 Professional SDK (ARMV4I)
		{9BA97A80-5BFE-429D-B519-A1C4755B7161}.Debug|Mixed Platforms.ActiveCfg = Debug|Windows Mobile 6 Professional SDK (ARMV4I)
		{9BA97A80-5BFE-429D-B519-A1C4755B7161}.Debug|Mixed Platforms.Build.0 = Debug|Windows Mobile 6 Professional SDK (ARMV4I)
		{9BA97A80-5BFE-429D-B519-A1C4755B7161}.Debug|Mixed Platforms.Deploy.0 = Debug|Windows Mobile 6 Professional SDK (ARMV4I)
		{9BA97A80-5BFE-429D-B519-A1C4755B7161}.Debug|Pocket PC 2003 (ARMV4).ActiveCfg = Debug|Windows Mobile 6 Professional SDK (ARMV4I)
		{9BA97A80-5BFE-429D-B519-A1C4755B7161}.Debug|Windows Mobile 6 Professional SDK (ARMV4I).ActiveCfg = Debug|Windows Mobile 6 Professional SDK (ARMV4I)
		{9BA97A80-5BFE-429D-B519-A1C4755B7161}.Debug|Windows Mobile 6 Professional SDK (ARMV4I).Build.0 = Debug|Windows Mobile 6 Professional SDK (ARMV4I)
		{9BA97A80-5BFE-429D-B519-A1C4755B7161}.Debug|Windows Mobile 6 Professional SDK (ARMV4I).Deploy.0 = Debug|Windows Mobile 6 Professional SDK (ARMV4I)
		{9BA97A80-5BFE-429D-B519-A1C4755B7161}.Debug|Windows Mobile 6 Standard SDK (ARMV4I).ActiveCfg = Debug|Windows Mobile 6 Professional SDK (ARMV4I)
		{9BA97A80-5BFE-429D-B519-A1C4755B7161}.Demo|Any CPU.ActiveCfg = Demo|Windows Mobile 6 Professional SDK (ARMV4I)
		{9BA97A80-5BFE-429D-B519-A1C4755B7161}.Demo|Mixed Platforms.ActiveCfg = Demo|Windows Mobile 6 Professional SDK (ARMV4I)
		{9BA97A80-5BFE-429D-B519-A1C4755B7161}.Demo|Mixed Platforms.Build.0 = Demo|Windows Mobile 6 Professional SDK (ARMV4I)
		{9BA97A80-5BFE-429D-B519-A1C4755B7161}.Demo|Mixed Platforms.Deploy.0 = Demo|Windows Mobile 6 Professional SDK (ARMV4I)
		{9BA97A80-5BFE-429D-B519-A1C4755B7161}.Demo|Pocket PC 2003 (ARMV4).ActiveCfg = Demo|Windows Mobile 6 Professional SDK (ARMV4I)
		{9BA97A80-5BFE-429D-B519-A1C4755B7161}.Demo|Windows Mobile 6 Professional SDK (ARMV4I).ActiveCfg = Demo|Windows Mobile 6 Professional SDK (ARMV4I)
		{9BA97A80-5BFE-429D-B519-A1C4755B7161}.Demo|Windows Mobile 6 Professional SDK (ARMV4I).Build.0 = Demo|Windows Mobile 6 Professional SDK (ARMV4I)
		{9BA97A80-5BFE-429D-B519-A1C4755B7161}.Demo|Windows Mobile 6 Professional SDK (ARMV4I).Deploy.0 = Demo|Windows Mobile 6 Professional SDK (ARMV4I)
		{9BA97A80-5BFE-429D-B519-A1C4755B7161}.Demo|Windows Mobile 6 Standard SDK (ARMV4I).ActiveCfg = Demo|Windows Mobile 6 Professional SDK (ARMV4I)
		{9BA97A80-5BFE-429D-B519-A1C4755B7161}.Marketplace|Any CPU.ActiveCfg = Marketplace|Windows Mobile 6 Professional SDK (ARMV4I)
		{9BA97A80-5BFE-429D-B519-A1C4755B7161}.Marketplace|Mixed Platforms.ActiveCfg = Marketplace|Windows Mobile 6 Professional SDK (ARMV4I)
		{9BA97A80-5BFE-429D-B519-A1C4755B7161}.Marketplace|Mixed Platforms.Build.0 = Marketplace|Windows Mobile 6 Professional SDK (ARMV4I)
		{9BA97A80-5BFE-429D-B519-A1C4755B7161}.Marketplace|Mixed Platforms.Deploy.0 = Marketplace|Windows Mobile 6 Professional SDK (ARMV4I)
		{9BA97A80-5BFE-429D-B519-A1C4755B7161}.Marketplace|Pocket PC 2003 (ARMV4).ActiveCfg = Marketplace|Windows Mobile 6 Professional SDK (ARMV4I)
		{9BA97A80-5BFE-429D-B519-A1C4755B7161}.Marketplace|Windows Mobile 6 Professional SDK (ARMV4I).ActiveCfg = Marketplace|Windows Mobile 6 Professional SDK (ARMV4I)
		{9BA97A80-5BFE-429D-B519-A1C4755B7161}.Marketplace|Windows Mobile 6 Professional SDK (ARMV4I).Build.0 = Marketplace|Windows Mobile 6 Professional SDK (ARMV4I)
		{9BA97A80-5BFE-429D-B519-A1C4755B7161}.Marketplace|Windows Mobile 6 Professional SDK (ARMV4I).Deploy.0 = Marketplace|Windows Mobile 6 Professional SDK (ARMV4I)
		{9BA97A80-5BFE-429D-B519-A1C4755B7161}.Marketplace|Windows Mobile 6 Standard SDK (ARMV4I).ActiveCfg = Marketplace|Windows Mobile 6 Professional SDK (ARMV4I)
		{9BA97A80-5BFE-429D-B519-A1C4755B7161}.Release|Any CPU.ActiveCfg = Release|Windows Mobile 6 Professional SDK (ARMV4I)
		{9BA97A80-5BFE-429D-B519-A1C4755B7161}.Release|Mixed Platforms.ActiveCfg = Release|Windows Mobile 6 Professional SDK (ARMV4I)
		{9BA97A80-5BFE-429D-B519-A1C4755B7161}.Release|Mixed Platforms.Build.0 = Release|Windows Mobile 6 Professional SDK (ARMV4I)
		{9BA97A80-5BFE-429D-B519-A1C4755B7161}.Release|Mixed Platforms.Deploy.0 = Release|Windows Mobile 6 Professional SDK (ARMV4I)
		{9BA97A80-5BFE-429D-B519-A1C4755B7161}.Release|Pocket PC 2003 (ARMV4).ActiveCfg = Release|Windows Mobile 6 Professional SDK (ARMV4I)
		{9BA97A80-5BFE-429D-B519-A1C4755B7161}.Release|Windows Mobile 6 Professional SDK (ARMV4I).ActiveCfg = Release|Windows Mobile 6 Professional SDK (ARMV4I)
		{9BA97A80-5BFE-429D-B519-A1C4755B7161}.Release|Windows Mobile 6 Professional SDK (ARMV4I).Build.0 = Release|Windows Mobile 6 Professional SDK (ARMV4I)
		{9BA97A80-5BFE-429D-B519-A1C4755B7161}.Release|Windows Mobile 6 Professional SDK (ARMV4I).Deploy.0 = Release|Windows Mobile 6 Professional SDK (ARMV4I)
		{9BA97A80-5BFE-429D-B519-A1C4755B7161}.Release|Windows Mobile 6 Standard SDK (ARMV4I).ActiveCfg = Release|Windows Mobile 6 Professional SDK (ARMV4I)
		{AC890E59-DB3B-4D5C-A7FA-79DF536EADDC}.Debug|Any CPU.ActiveCfg = Debug|Any CPU
		{AC890E59-DB3B-4D5C-A7FA-79DF536EADDC}.Debug|Any CPU.Build.0 = Debug|Any CPU
		{AC890E59-DB3B-4D5C-A7FA-79DF536EADDC}.Debug|Any CPU.Deploy.0 = Debug|Any CPU
		{AC890E59-DB3B-4D5C-A7FA-79DF536EADDC}.Debug|Mixed Platforms.ActiveCfg = Debug|Any CPU
		{AC890E59-DB3B-4D5C-A7FA-79DF536EADDC}.Debug|Mixed Platforms.Build.0 = Debug|Any CPU
		{AC890E59-DB3B-4D5C-A7FA-79DF536EADDC}.Debug|Mixed Platforms.Deploy.0 = Debug|Any CPU
		{AC890E59-DB3B-4D5C-A7FA-79DF536EADDC}.Debug|Pocket PC 2003 (ARMV4).ActiveCfg = Debug|Any CPU
		{AC890E59-DB3B-4D5C-A7FA-79DF536EADDC}.Debug|Windows Mobile 6 Professional SDK (ARMV4I).ActiveCfg = Debug|Any CPU
		{AC890E59-DB3B-4D5C-A7FA-79DF536EADDC}.Debug|Windows Mobile 6 Standard SDK (ARMV4I).ActiveCfg = Debug|Any CPU
		{AC890E59-DB3B-4D5C-A7FA-79DF536EADDC}.Demo|Any CPU.ActiveCfg = Debug|Any CPU
		{AC890E59-DB3B-4D5C-A7FA-79DF536EADDC}.Demo|Any CPU.Build.0 = Debug|Any CPU
		{AC890E59-DB3B-4D5C-A7FA-79DF536EADDC}.Demo|Any CPU.Deploy.0 = Debug|Any CPU
		{AC890E59-DB3B-4D5C-A7FA-79DF536EADDC}.Demo|Mixed Platforms.ActiveCfg = Debug|Any CPU
		{AC890E59-DB3B-4D5C-A7FA-79DF536EADDC}.Demo|Mixed Platforms.Build.0 = Debug|Any CPU
		{AC890E59-DB3B-4D5C-A7FA-79DF536EADDC}.Demo|Mixed Platforms.Deploy.0 = Debug|Any CPU
		{AC890E59-DB3B-4D5C-A7FA-79DF536EADDC}.Demo|Pocket PC 2003 (ARMV4).ActiveCfg = Debug|Any CPU
		{AC890E59-DB3B-4D5C-A7FA-79DF536EADDC}.Demo|Windows Mobile 6 Professional SDK (ARMV4I).ActiveCfg = Debug|Any CPU
		{AC890E59-DB3B-4D5C-A7FA-79DF536EADDC}.Demo|Windows Mobile 6 Standard SDK (ARMV4I).ActiveCfg = Debug|Any CPU
		{AC890E59-DB3B-4D5C-A7FA-79DF536EADDC}.Marketplace|Any CPU.ActiveCfg = Marketplace|Any CPU
		{AC890E59-DB3B-4D5C-A7FA-79DF536EADDC}.Marketplace|Any CPU.Build.0 = Marketplace|Any CPU
		{AC890E59-DB3B-4D5C-A7FA-79DF536EADDC}.Marketplace|Any CPU.Deploy.0 = Marketplace|Any CPU
		{AC890E59-DB3B-4D5C-A7FA-79DF536EADDC}.Marketplace|Mixed Platforms.ActiveCfg = Marketplace|Any CPU
		{AC890E59-DB3B-4D5C-A7FA-79DF536EADDC}.Marketplace|Mixed Platforms.Build.0 = Marketplace|Any CPU
		{AC890E59-DB3B-4D5C-A7FA-79DF536EADDC}.Marketplace|Mixed Platforms.Deploy.0 = Marketplace|Any CPU
		{AC890E59-DB3B-4D5C-A7FA-79DF536EADDC}.Marketplace|Pocket PC 2003 (ARMV4).ActiveCfg = Marketplace|Any CPU
		{AC890E59-DB3B-4D5C-A7FA-79DF536EADDC}.Marketplace|Windows Mobile 6 Professional SDK (ARMV4I).ActiveCfg = Marketplace|Any CPU
		{AC890E59-DB3B-4D5C-A7FA-79DF536EADDC}.Marketplace|Windows Mobile 6 Standard SDK (ARMV4I).ActiveCfg = Marketplace|Any CPU
		{AC890E59-DB3B-4D5C-A7FA-79DF536EADDC}.Release|Any CPU.ActiveCfg = Release|Any CPU
		{AC890E59-DB3B-4D5C-A7FA-79DF536EADDC}.Release|Any CPU.Build.0 = Release|Any CPU
		{AC890E59-DB3B-4D5C-A7FA-79DF536EADDC}.Release|Any CPU.Deploy.0 = Release|Any CPU
		{AC890E59-DB3B-4D5C-A7FA-79DF536EADDC}.Release|Mixed Platforms.ActiveCfg = Release|Any CPU
		{AC890E59-DB3B-4D5C-A7FA-79DF536EADDC}.Release|Mixed Platforms.Build.0 = Release|Any CPU
		{AC890E59-DB3B-4D5C-A7FA-79DF536EADDC}.Release|Mixed Platforms.Deploy.0 = Release|Any CPU
		{AC890E59-DB3B-4D5C-A7FA-79DF536EADDC}.Release|Pocket PC 2003 (ARMV4).ActiveCfg = Release|Any CPU
		{AC890E59-DB3B-4D5C-A7FA-79DF536EADDC}.Release|Windows Mobile 6 Professional SDK (ARMV4I).ActiveCfg = Release|Any CPU
		{AC890E59-DB3B-4D5C-A7FA-79DF536EADDC}.Release|Windows Mobile 6 Standard SDK (ARMV4I).ActiveCfg = Release|Any CPU
	EndGlobalSection
	GlobalSection(SolutionProperties) = preSolution
		HideSolutionNode = FALSE
	EndGlobalSection
EndGlobal
